<?xml version="1.0" encoding="utf-8"?>
<Project ToolsVersion="4.0" xmlns="http://schemas.microsoft.com/developer/msbuild/2003">
  <ItemGroup>
    <Filter Include="资源文件">
      <UniqueIdentifier>{67DA6AB6-F800-4c08-8B7A-83BB121AAD01}</UniqueIdentifier>
      <Extensions>rc;ico;cur;bmp;dlg;rc2;rct;bin;rgs;gif;jpg;jpeg;jpe;resx;tiff;tif;png;wav;mfcribbon-ms</Extensions>
    </Filter>
    <Filter Include="Base">
      <UniqueIdentifier>{594eb3e1-a25f-49e7-8c3c-af7ade16cffd}</UniqueIdentifier>
    </Filter>
    <Filter Include="Base\头文件">
      <UniqueIdentifier>{93995380-89BD-4b04-88EB-625FBE52EBFB}</UniqueIdentifier>
      <Extensions>h;hh;hpp;hxx;h++;hm;inl;inc;ipp;xsd</Extensions>
    </Filter>
    <Filter Include="Base\源文件">
      <UniqueIdentifier>{4FC737F1-C7A5-4376-A066-2A32D752A2FF}</UniqueIdentifier>
      <Extensions>cpp;c;cc;cxx;c++;cppm;ixx;def;odl;idl;hpj;bat;asm;asmx</Extensions>
    </Filter>
    <Filter Include="D3DCore">
      <UniqueIdentifier>{b224498b-cff5-49cb-8361-a57e54956ffd}</UniqueIdentifier>
    </Filter>
    <Filter Include="D3DCore\Header">
      <UniqueIdentifier>{ad7f5f52-8d1b-4299-87c7-1ab3433e811f}</UniqueIdentifier>
    </Filter>
    <Filter Include="D3DCore\Source Files">
      <UniqueIdentifier>{aaec0b4c-213f-4c40-9271-ef6a3c3ed6b5}</UniqueIdentifier>
    </Filter>
    <Filter Include="Shader">
      <UniqueIdentifier>{825fddb3-13ff-41f4-94ec-09b5abb1f8ca}</UniqueIdentifier>
    </Filter>
  </ItemGroup>
  <ItemGroup>
    <ClCompile Include="WinMain.cpp">
      <Filter>Base\源文件</Filter>
    </ClCompile>
    <ClCompile Include="Window.cpp">
      <Filter>Base\源文件</Filter>
    </ClCompile>
    <ClCompile Include="ChiliException.cpp">
      <Filter>Base\源文件</Filter>
    </ClCompile>
    <ClCompile Include="Keyboard.cpp">
      <Filter>Base\源文件</Filter>
    </ClCompile>
    <ClCompile Include="Mouse.cpp">
      <Filter>Base\源文件</Filter>
    </ClCompile>
    <ClCompile Include="App.cpp">
      <Filter>Base\源文件</Filter>
    </ClCompile>
    <ClCompile Include="ChiliTimer.cpp">
      <Filter>Base\源文件</Filter>
    </ClCompile>
    <ClCompile Include="Graphics.cpp">
      <Filter>D3DCore\Source Files</Filter>
    </ClCompile>
    <ClCompile Include="DxgiInfoManager.cpp">
      <Filter>D3DCore\Source Files</Filter>
    </ClCompile>
  </ItemGroup>
  <ItemGroup>
    <ClInclude Include="ChiliWin.h">
      <Filter>Base\头文件</Filter>
    </ClInclude>
    <ClInclude Include="Window.h">
      <Filter>Base\头文件</Filter>
    </ClInclude>
    <ClInclude Include="ChiliException.h">
      <Filter>Base\头文件</Filter>
    </ClInclude>
    <ClInclude Include="WindowsThrowMacros.h">
      <Filter>Base\头文件</Filter>
    </ClInclude>
    <ClInclude Include="resource.h">
      <Filter>Base\头文件</Filter>
    </ClInclude>
    <ClInclude Include="Keyboard.h">
      <Filter>Base\头文件</Filter>
    </ClInclude>
    <ClInclude Include="Mouse.h">
      <Filter>Base\头文件</Filter>
    </ClInclude>
    <ClInclude Include="App.h">
      <Filter>Base\头文件</Filter>
    </ClInclude>
    <ClInclude Include="ChiliTimer.h">
      <Filter>Base\头文件</Filter>
    </ClInclude>
    <ClInclude Include="Graphics.h">
      <Filter>D3DCore\Header</Filter>
    </ClInclude>
    <ClInclude Include="GraphicsThrowMacros.h">
      <Filter>D3DCore\Header</Filter>
    </ClInclude>
    <ClInclude Include="DxgiInfoManager.h">
      <Filter>D3DCore\Header</Filter>
    </ClInclude>
  </ItemGroup>
  <ItemGroup>
    <ResourceCompile Include="DX12Learn.rc">
      <Filter>资源文件</Filter>
    </ResourceCompile>
  </ItemGroup>
  <ItemGroup>
    <Image Include="..\..\..\..\3_pictures\原神元素\hydroON.ico">
      <Filter>资源文件</Filter>
    </Image>
  </ItemGroup>
  <ItemGroup>
    <FxCompile Include="VertexShader.hlsl">
      <Filter>Shader</Filter>
    </FxCompile>
    <FxCompile Include="PixelShader.hlsl">
      <Filter>Shader</Filter>
    </FxCompile>
  </ItemGroup>
</Project>