<?xml version="1.0" encoding="utf-8"?>
<Project ToolsVersion="4.0" xmlns="http://schemas.microsoft.com/developer/msbuild/2003">
  <ItemGroup>
    <Filter Include="资源文件">
      <UniqueIdentifier>{67DA6AB6-F800-4c08-8B7A-83BB121AAD01}</UniqueIdentifier>
      <Extensions>rc;ico;cur;bmp;dlg;rc2;rct;bin;rgs;gif;jpg;jpeg;jpe;resx;tiff;tif;png;wav;mfcribbon-ms</Extensions>
    </Filter>
    <Filter Include="Base">
      <UniqueIdentifier>{594eb3e1-a25f-49e7-8c3c-af7ade16cffd}</UniqueIdentifier>
    </Filter>
    <Filter Include="Base\头文件">
      <UniqueIdentifier>{93995380-89BD-4b04-88EB-625FBE52EBFB}</UniqueIdentifier>
      <Extensions>h;hh;hpp;hxx;h++;hm;inl;inc;ipp;xsd</Extensions>
    </Filter>
    <Filter Include="Base\源文件">
      <UniqueIdentifier>{4FC737F1-C7A5-4376-A066-2A32D752A2FF}</UniqueIdentifier>
      <Extensions>cpp;c;cc;cxx;c++;cppm;ixx;def;odl;idl;hpj;bat;asm;asmx</Extensions>
    </Filter>
    <Filter Include="D3DCore">
      <UniqueIdentifier>{b224498b-cff5-49cb-8361-a57e54956ffd}</UniqueIdentifier>
    </Filter>
    <Filter Include="D3DCore\Header">
      <UniqueIdentifier>{ad7f5f52-8d1b-4299-87c7-1ab3433e811f}</UniqueIdentifier>
    </Filter>
    <Filter Include="D3DCore\Source Files">
      <UniqueIdentifier>{aaec0b4c-213f-4c40-9271-ef6a3c3ed6b5}</UniqueIdentifier>
    </Filter>
    <Filter Include="Shader">
      <UniqueIdentifier>{825fddb3-13ff-41f4-94ec-09b5abb1f8ca}</UniqueIdentifier>
    </Filter>
    <Filter Include="D3DCore\Header\Bindable">
      <UniqueIdentifier>{3b7d5438-b50e-4f05-9895-d433008891d5}</UniqueIdentifier>
    </Filter>
    <Filter Include="D3DCore\Header\Drawable">
      <UniqueIdentifier>{19417215-6466-41f2-8732-a8289b1d02e5}</UniqueIdentifier>
    </Filter>
    <Filter Include="Others">
      <UniqueIdentifier>{f5cdeac1-f749-4c38-993d-e1a78fde485f}</UniqueIdentifier>
    </Filter>
    <Filter Include="D3DCore\Source Files\BIndable">
      <UniqueIdentifier>{3ff763f0-1ff2-437a-a596-67e95a35bd23}</UniqueIdentifier>
    </Filter>
    <Filter Include="D3DCore\Source Files\Drawable">
      <UniqueIdentifier>{5eb8e3c6-5827-4775-9ffe-9a087cd36529}</UniqueIdentifier>
    </Filter>
    <Filter Include="imgui">
      <UniqueIdentifier>{f072d211-9c07-4fb8-a981-4727ccb52359}</UniqueIdentifier>
    </Filter>
    <Filter Include="Shader\Axis">
      <UniqueIdentifier>{f47b895f-828a-4395-a786-ef42f08ce882}</UniqueIdentifier>
    </Filter>
    <Filter Include="Shader\CG_Shader">
      <UniqueIdentifier>{5529cdcd-6ff3-4dd0-8cd5-7ff1c6d34bdb}</UniqueIdentifier>
    </Filter>
    <Filter Include="D3DCore\Header\Drawable\DebugGraphs">
      <UniqueIdentifier>{1eaffa0f-f000-407d-b13b-2aeef1217d0d}</UniqueIdentifier>
    </Filter>
    <Filter Include="D3DCore\Source Files\Drawable\DebugGraphs">
      <UniqueIdentifier>{cc9c9b83-7504-4213-846e-47e12cd8126a}</UniqueIdentifier>
    </Filter>
    <Filter Include="D3DCore\Header\Drawable\SpawnBasicGeomerty">
      <UniqueIdentifier>{c312511f-5fe0-48e3-aeb3-7e6f24e6e29b}</UniqueIdentifier>
    </Filter>
    <Filter Include="Base\头文件\interface">
      <UniqueIdentifier>{65d9d241-72ea-416e-9159-571449dd5afa}</UniqueIdentifier>
    </Filter>
    <Filter Include="Shader\CG_Shader\Debugs">
      <UniqueIdentifier>{f9b34550-fa5a-4260-a280-e03db9c21a2d}</UniqueIdentifier>
    </Filter>
    <Filter Include="Shader\skeletonMesh">
      <UniqueIdentifier>{c46181f5-3091-4789-9646-f9796eec58a3}</UniqueIdentifier>
    </Filter>
    <Filter Include="Animation">
      <UniqueIdentifier>{4b706072-c429-450f-afe4-841237f0530f}</UniqueIdentifier>
    </Filter>
    <Filter Include="Animation\Header">
      <UniqueIdentifier>{fcc69b95-d794-4701-a7b3-b6eaa3b5ebd9}</UniqueIdentifier>
    </Filter>
    <Filter Include="Animation\Sourse Files">
      <UniqueIdentifier>{8d687785-09aa-4727-86f9-0019a7976f2a}</UniqueIdentifier>
    </Filter>
    <Filter Include="Base\头文件\InputStates">
      <UniqueIdentifier>{0d089b22-8191-499e-ba9b-7a9538fbf52a}</UniqueIdentifier>
    </Filter>
    <Filter Include="GameBase">
      <UniqueIdentifier>{47663ed0-80f1-48bc-8686-2ede204d0793}</UniqueIdentifier>
    </Filter>
    <Filter Include="GameBase\Components">
      <UniqueIdentifier>{6f417025-f61b-4e39-a68c-830cb1a994da}</UniqueIdentifier>
    </Filter>
    <Filter Include="GameBase\Components\Header">
      <UniqueIdentifier>{7ccb9367-e066-4e8e-a07c-7915ce1daf6f}</UniqueIdentifier>
    </Filter>
    <Filter Include="GameBase\Components\Header\Collision">
      <UniqueIdentifier>{4d28b7c2-154b-4670-99fa-cb75bc88f523}</UniqueIdentifier>
    </Filter>
    <Filter Include="GameBase\Components\Source">
      <UniqueIdentifier>{af180a80-28e8-43bd-bd69-e2eef85bc8fb}</UniqueIdentifier>
    </Filter>
    <Filter Include="GameBase\Components\Source\Collision">
      <UniqueIdentifier>{6fb2684b-ca4f-41a2-ad73-d656d99f689e}</UniqueIdentifier>
    </Filter>
    <Filter Include="GameBase\Classes">
      <UniqueIdentifier>{1b3c6340-804d-409e-9ef6-a0ec2561bea0}</UniqueIdentifier>
    </Filter>
    <Filter Include="GameBase\Classes\Sources">
      <UniqueIdentifier>{39a3c9f5-2368-4a0e-8f72-2d350a17129b}</UniqueIdentifier>
    </Filter>
    <Filter Include="GameBase\Classes\Header">
      <UniqueIdentifier>{b1ae3f3d-bc28-434e-9bf9-885fe113980e}</UniqueIdentifier>
    </Filter>
    <Filter Include="GameBase\Physical">
      <UniqueIdentifier>{2e024ce5-5687-4473-88c8-df9d07ff2e61}</UniqueIdentifier>
    </Filter>
    <Filter Include="Game">
      <UniqueIdentifier>{ec5ddf01-0a51-456a-9690-93e2422a7f69}</UniqueIdentifier>
    </Filter>
    <Filter Include="Game\Header">
      <UniqueIdentifier>{7fb9d2b0-8750-4ecb-b769-fe79f55cb54b}</UniqueIdentifier>
    </Filter>
    <Filter Include="Game\Source">
      <UniqueIdentifier>{3bbd581a-409f-42e9-bde8-24722fd29fee}</UniqueIdentifier>
    </Filter>
    <Filter Include="Shader\CG_Shader\Game">
      <UniqueIdentifier>{10d09a74-9761-4336-8720-70a726fdc558}</UniqueIdentifier>
    </Filter>
  </ItemGroup>
  <ItemGroup>
    <ClCompile Include="WinMain.cpp">
      <Filter>Base\源文件</Filter>
    </ClCompile>
    <ClCompile Include="Window.cpp">
      <Filter>Base\源文件</Filter>
    </ClCompile>
    <ClCompile Include="Keyboard.cpp">
      <Filter>Base\源文件</Filter>
    </ClCompile>
    <ClCompile Include="Mouse.cpp">
      <Filter>Base\源文件</Filter>
    </ClCompile>
    <ClCompile Include="App.cpp">
      <Filter>Base\源文件</Filter>
    </ClCompile>
    <ClCompile Include="ChiliTimer.cpp">
      <Filter>Base\源文件</Filter>
    </ClCompile>
    <ClCompile Include="Graphics.cpp">
      <Filter>D3DCore\Source Files</Filter>
    </ClCompile>
    <ClCompile Include="DxgiInfoManager.cpp">
      <Filter>D3DCore\Source Files</Filter>
    </ClCompile>
    <ClCompile Include="test.cpp">
      <Filter>Others</Filter>
    </ClCompile>
    <ClCompile Include="Bindable.cpp">
      <Filter>D3DCore\Source Files\BIndable</Filter>
    </ClCompile>
    <ClCompile Include="IndexBuffer.cpp">
      <Filter>D3DCore\Source Files\BIndable</Filter>
    </ClCompile>
    <ClCompile Include="InputLayout.cpp">
      <Filter>D3DCore\Source Files\BIndable</Filter>
    </ClCompile>
    <ClCompile Include="PixelShader.cpp">
      <Filter>D3DCore\Source Files\BIndable</Filter>
    </ClCompile>
    <ClCompile Include="Topology.cpp">
      <Filter>D3DCore\Source Files\BIndable</Filter>
    </ClCompile>
    <ClCompile Include="Drawable.cpp">
      <Filter>D3DCore\Source Files\Drawable</Filter>
    </ClCompile>
    <ClCompile Include="TransformCbuf.cpp">
      <Filter>D3DCore\Source Files\BIndable</Filter>
    </ClCompile>
    <ClCompile Include="VertexBuffer.cpp">
      <Filter>D3DCore\Source Files\BIndable</Filter>
    </ClCompile>
    <ClCompile Include="VertexShader.cpp">
      <Filter>D3DCore\Source Files\BIndable</Filter>
    </ClCompile>
    <ClCompile Include="imguiManager.cpp">
      <Filter>Base\源文件</Filter>
    </ClCompile>
    <ClCompile Include="imgui\imgui_widgets.cpp">
      <Filter>imgui</Filter>
    </ClCompile>
    <ClCompile Include="imgui\imgui_demo.cpp">
      <Filter>imgui</Filter>
    </ClCompile>
    <ClCompile Include="imgui\imgui_draw.cpp">
      <Filter>imgui</Filter>
    </ClCompile>
    <ClCompile Include="imgui\imgui_impl_dx11.cpp">
      <Filter>imgui</Filter>
    </ClCompile>
    <ClCompile Include="imgui\imgui_impl_win32.cpp">
      <Filter>imgui</Filter>
    </ClCompile>
    <ClCompile Include="imgui\imgui_tables.cpp">
      <Filter>imgui</Filter>
    </ClCompile>
    <ClCompile Include="imgui\imgui.cpp">
      <Filter>imgui</Filter>
    </ClCompile>
    <ClCompile Include="Camera.cpp">
      <Filter>Base\源文件</Filter>
    </ClCompile>
    <ClCompile Include="Surface.cpp">
      <Filter>D3DCore\Source Files</Filter>
    </ClCompile>
    <ClCompile Include="Samper.cpp">
      <Filter>D3DCore\Source Files\BIndable</Filter>
    </ClCompile>
    <ClCompile Include="Texture.cpp">
      <Filter>D3DCore\Source Files\BIndable</Filter>
    </ClCompile>
    <ClCompile Include="GDIPlusManager.cpp">
      <Filter>D3DCore\Source Files</Filter>
    </ClCompile>
    <ClCompile Include="Axis.cpp">
      <Filter>D3DCore\Source Files\Drawable</Filter>
    </ClCompile>
    <ClCompile Include="Vertex.cpp">
      <Filter>D3DCore\Source Files</Filter>
    </ClCompile>
    <ClCompile Include="PointLight.cpp">
      <Filter>D3DCore\Source Files</Filter>
    </ClCompile>
    <ClCompile Include="SolidSphere.cpp">
      <Filter>D3DCore\Source Files\Drawable</Filter>
    </ClCompile>
    <ClCompile Include="Mesh.cpp">
      <Filter>D3DCore\Source Files\Drawable</Filter>
    </ClCompile>
    <ClCompile Include="Transform.cpp">
      <Filter>Base\源文件</Filter>
    </ClCompile>
    <ClCompile Include="CollisionGeometry.cpp">
      <Filter>D3DCore\Source Files\Drawable</Filter>
    </ClCompile>
    <ClCompile Include="DebugLine.cpp">
      <Filter>D3DCore\Source Files\Drawable\DebugGraphs</Filter>
    </ClCompile>
    <ClCompile Include="DebugSphere.cpp">
      <Filter>D3DCore\Source Files\Drawable\DebugGraphs</Filter>
    </ClCompile>
    <ClCompile Include="DepthStencilState.cpp">
      <Filter>D3DCore\Source Files\BIndable</Filter>
    </ClCompile>
    <ClCompile Include="TransformCtrlComponent.cpp">
      <Filter>D3DCore\Source Files\Drawable</Filter>
    </ClCompile>
    <ClCompile Include="CtrlCeomerty.cpp">
      <Filter>D3DCore\Source Files</Filter>
    </ClCompile>
    <ClCompile Include="GeometryShader.cpp">
      <Filter>D3DCore\Source Files\BIndable</Filter>
    </ClCompile>
    <ClCompile Include="CtrlableGeometry.cpp">
      <Filter>D3DCore\Source Files</Filter>
    </ClCompile>
    <ClCompile Include="DebugGraphsMannger.cpp">
      <Filter>D3DCore\Source Files\Drawable\DebugGraphs</Filter>
    </ClCompile>
    <ClCompile Include="SpawnGeometryByInput.cpp">
      <Filter>D3DCore\Source Files</Filter>
    </ClCompile>
    <ClCompile Include="SkeletonMesh.cpp">
      <Filter>D3DCore\Source Files\Drawable</Filter>
    </ClCompile>
    <ClCompile Include="AnimAssert.cpp">
      <Filter>Animation\Sourse Files</Filter>
    </ClCompile>
    <ClCompile Include="AnimInstance.cpp">
      <Filter>Animation\Sourse Files</Filter>
    </ClCompile>
    <ClCompile Include="FloodFill.cpp">
      <Filter>Base\源文件</Filter>
    </ClCompile>
    <ClCompile Include="UCameraComponent.cpp">
      <Filter>GameBase\Components\Source</Filter>
    </ClCompile>
    <ClCompile Include="UCharacterMovementComponent.cpp">
      <Filter>GameBase\Components\Source</Filter>
    </ClCompile>
    <ClCompile Include="USpringArmComponent.cpp">
      <Filter>GameBase\Components\Source</Filter>
    </ClCompile>
    <ClCompile Include="AActor.cpp">
      <Filter>GameBase\Classes\Sources</Filter>
    </ClCompile>
    <ClCompile Include="ACharacter.cpp">
      <Filter>GameBase\Classes\Sources</Filter>
    </ClCompile>
    <ClCompile Include="APawn.cpp">
      <Filter>GameBase\Classes\Sources</Filter>
    </ClCompile>
    <ClCompile Include="World.cpp">
      <Filter>GameBase\Classes\Sources</Filter>
    </ClCompile>
    <ClCompile Include="UStaticMeshComponent.cpp">
      <Filter>GameBase\Components\Source</Filter>
    </ClCompile>
    <ClCompile Include="UBoxComponent.cpp">
      <Filter>GameBase\Components\Source\Collision</Filter>
    </ClCompile>
    <ClCompile Include="UActorComponent.cpp">
      <Filter>GameBase\Components\Source</Filter>
    </ClCompile>
    <ClCompile Include="GameModeBase.cpp">
      <Filter>GameBase\Classes\Sources</Filter>
    </ClCompile>
    <ClCompile Include="MyGameMode.cpp">
      <Filter>Game\Source</Filter>
    </ClCompile>
    <ClCompile Include="MyCharacter.cpp">
      <Filter>Game\Source</Filter>
    </ClCompile>
    <ClCompile Include="UCapsuleComponent.cpp">
      <Filter>GameBase\Components\Source\Collision</Filter>
    </ClCompile>
    <ClCompile Include="UConvexComponent.cpp">
      <Filter>GameBase\Components\Source\Collision</Filter>
    </ClCompile>
    <ClCompile Include="USphereComponent.cpp">
      <Filter>GameBase\Components\Source\Collision</Filter>
    </ClCompile>
    <ClCompile Include="USkeletalMeshComponent.cpp">
      <Filter>GameBase\Components\Source</Filter>
    </ClCompile>
    <ClCompile Include="MyAnimInstance.cpp">
      <Filter>Game\Source</Filter>
    </ClCompile>
  </ItemGroup>
  <ItemGroup>
    <ClInclude Include="ChiliWin.h">
      <Filter>Base\头文件</Filter>
    </ClInclude>
    <ClInclude Include="Window.h">
      <Filter>Base\头文件</Filter>
    </ClInclude>
    <ClInclude Include="resource.h">
      <Filter>Base\头文件</Filter>
    </ClInclude>
    <ClInclude Include="Keyboard.h">
      <Filter>Base\头文件</Filter>
    </ClInclude>
    <ClInclude Include="Mouse.h">
      <Filter>Base\头文件</Filter>
    </ClInclude>
    <ClInclude Include="App.h">
      <Filter>Base\头文件</Filter>
    </ClInclude>
    <ClInclude Include="ChiliTimer.h">
      <Filter>Base\头文件</Filter>
    </ClInclude>
    <ClInclude Include="Graphics.h">
      <Filter>D3DCore\Header</Filter>
    </ClInclude>
    <ClInclude Include="GraphicsThrowMacros.h">
      <Filter>D3DCore\Header</Filter>
    </ClInclude>
    <ClInclude Include="DxgiInfoManager.h">
      <Filter>D3DCore\Header</Filter>
    </ClInclude>
    <ClInclude Include="Bindable.h">
      <Filter>D3DCore\Header\Bindable</Filter>
    </ClInclude>
    <ClInclude Include="BindableCommon.h">
      <Filter>D3DCore\Header\Bindable</Filter>
    </ClInclude>
    <ClInclude Include="ConstantBuffers.h">
      <Filter>D3DCore\Header\Bindable</Filter>
    </ClInclude>
    <ClInclude Include="IndexBuffer.h">
      <Filter>D3DCore\Header\Bindable</Filter>
    </ClInclude>
    <ClInclude Include="InputLayout.h">
      <Filter>D3DCore\Header\Bindable</Filter>
    </ClInclude>
    <ClInclude Include="PixelShader.h">
      <Filter>D3DCore\Header\Bindable</Filter>
    </ClInclude>
    <ClInclude Include="Topology.h">
      <Filter>D3DCore\Header\Bindable</Filter>
    </ClInclude>
    <ClInclude Include="TransformCbuf.h">
      <Filter>D3DCore\Header\Bindable</Filter>
    </ClInclude>
    <ClInclude Include="Drawable.h">
      <Filter>D3DCore\Header\Drawable</Filter>
    </ClInclude>
    <ClInclude Include="VertexBuffer.h">
      <Filter>D3DCore\Header\Bindable</Filter>
    </ClInclude>
    <ClInclude Include="VertexShader.h">
      <Filter>D3DCore\Header\Bindable</Filter>
    </ClInclude>
    <ClInclude Include="ChiliMath.h">
      <Filter>Base\头文件</Filter>
    </ClInclude>
    <ClInclude Include="IndexedTriangleList.h">
      <Filter>Base\头文件</Filter>
    </ClInclude>
    <ClInclude Include="Sphere.h">
      <Filter>Base\头文件</Filter>
    </ClInclude>
    <ClInclude Include="imgui\imconfig.h">
      <Filter>imgui</Filter>
    </ClInclude>
    <ClInclude Include="imgui\imgui.h">
      <Filter>imgui</Filter>
    </ClInclude>
    <ClInclude Include="imgui\imgui_impl_dx11.h">
      <Filter>imgui</Filter>
    </ClInclude>
    <ClInclude Include="imgui\imgui_impl_win32.h">
      <Filter>imgui</Filter>
    </ClInclude>
    <ClInclude Include="imgui\imgui_internal.h">
      <Filter>imgui</Filter>
    </ClInclude>
    <ClInclude Include="ImguiManager.h">
      <Filter>imgui</Filter>
    </ClInclude>
    <ClInclude Include="imgui\imstb_rectpack.h">
      <Filter>imgui</Filter>
    </ClInclude>
    <ClInclude Include="imgui\imstb_textedit.h">
      <Filter>imgui</Filter>
    </ClInclude>
    <ClInclude Include="imgui\imstb_truetype.h">
      <Filter>imgui</Filter>
    </ClInclude>
    <ClInclude Include="Camera.h">
      <Filter>Base\头文件</Filter>
    </ClInclude>
    <ClInclude Include="Surface.h">
      <Filter>D3DCore\Header</Filter>
    </ClInclude>
    <ClInclude Include="Sampler.h">
      <Filter>D3DCore\Header\Bindable</Filter>
    </ClInclude>
    <ClInclude Include="Texture.h">
      <Filter>D3DCore\Header\Bindable</Filter>
    </ClInclude>
    <ClInclude Include="GDIPlusManager.h">
      <Filter>D3DCore</Filter>
    </ClInclude>
    <ClInclude Include="Vertex.h">
      <Filter>D3DCore\Header</Filter>
    </ClInclude>
    <ClInclude Include="Axis.h">
      <Filter>D3DCore\Header\Drawable</Filter>
    </ClInclude>
    <ClInclude Include="Color.h">
      <Filter>D3DCore</Filter>
    </ClInclude>
    <ClInclude Include="PointLight.h">
      <Filter>D3DCore\Header</Filter>
    </ClInclude>
    <ClInclude Include="SolidSphere.h">
      <Filter>D3DCore\Header\Drawable</Filter>
    </ClInclude>
    <ClInclude Include="Mesh.h">
      <Filter>D3DCore\Header\Drawable</Filter>
    </ClInclude>
    <ClInclude Include="Transform.h">
      <Filter>Base\头文件</Filter>
    </ClInclude>
    <ClInclude Include="BindableCodex.h">
      <Filter>D3DCore\Header\Bindable</Filter>
    </ClInclude>
    <ClInclude Include="CollisionGeometry.h">
      <Filter>D3DCore\Header\Drawable</Filter>
    </ClInclude>
    <ClInclude Include="CtrlCeomerty.h">
      <Filter>D3DCore\Header</Filter>
    </ClInclude>
    <ClInclude Include="DebugLine.h">
      <Filter>D3DCore\Header\Drawable\DebugGraphs</Filter>
    </ClInclude>
    <ClInclude Include="DebugSphere.h">
      <Filter>D3DCore\Header\Drawable\DebugGraphs</Filter>
    </ClInclude>
    <ClInclude Include="BasicGeomerty.h">
      <Filter>D3DCore\Header\Drawable\SpawnBasicGeomerty</Filter>
    </ClInclude>
    <ClInclude Include="ThreadPool.h">
      <Filter>Base\头文件</Filter>
    </ClInclude>
    <ClInclude Include="DepthStencilState.h">
      <Filter>D3DCore\Header\Bindable</Filter>
    </ClInclude>
    <ClInclude Include="RasterizerState.h">
      <Filter>D3DCore\Header\Bindable</Filter>
    </ClInclude>
    <ClInclude Include="TransformCtrlComponent.h">
      <Filter>D3DCore\Header\Drawable</Filter>
    </ClInclude>
    <ClInclude Include="GeometryShader.h">
      <Filter>D3DCore\Header\Bindable</Filter>
    </ClInclude>
    <ClInclude Include="CtrlableGeometry.h">
      <Filter>D3DCore\Header</Filter>
    </ClInclude>
    <ClInclude Include="DebugGraphsMannger.h">
      <Filter>D3DCore\Header\Drawable\DebugGraphs</Filter>
    </ClInclude>
    <ClInclude Include="InputStateMachine.h">
      <Filter>Base\头文件\interface</Filter>
    </ClInclude>
    <ClInclude Include="SpawnGeometryByInput.h">
      <Filter>D3DCore\Header</Filter>
    </ClInclude>
    <ClInclude Include="SkeletonMesh.h">
      <Filter>D3DCore\Header\Drawable</Filter>
    </ClInclude>
    <ClInclude Include="AnimAssert.h">
      <Filter>Animation\Header</Filter>
    </ClInclude>
    <ClInclude Include="AnimInstance.h">
      <Filter>Animation\Header</Filter>
    </ClInclude>
    <ClInclude Include="FloodFill.h">
      <Filter>Base\头文件</Filter>
    </ClInclude>
    <ClInclude Include="UActorComponent.h">
      <Filter>GameBase\Components\Header</Filter>
    </ClInclude>
    <ClInclude Include="UCameraComponent.h">
      <Filter>GameBase\Components\Header</Filter>
    </ClInclude>
    <ClInclude Include="UCharacterMovementComponent.h">
      <Filter>GameBase\Components\Header</Filter>
    </ClInclude>
    <ClInclude Include="USkeletalMeshComponent.h">
      <Filter>GameBase\Components\Header</Filter>
    </ClInclude>
    <ClInclude Include="USpringArmComponent.h">
      <Filter>GameBase\Components\Header</Filter>
    </ClInclude>
    <ClInclude Include="UStaticMeshComponent.h">
      <Filter>GameBase\Components\Header</Filter>
    </ClInclude>
    <ClInclude Include="AActor.h">
      <Filter>GameBase\Classes\Header</Filter>
    </ClInclude>
    <ClInclude Include="ACharacter.h">
      <Filter>GameBase\Classes\Header</Filter>
    </ClInclude>
    <ClInclude Include="APawn.h">
      <Filter>GameBase\Classes\Header</Filter>
    </ClInclude>
    <ClInclude Include="GameModeBase.h">
      <Filter>GameBase\Classes\Header</Filter>
    </ClInclude>
    <ClInclude Include="World.h">
      <Filter>GameBase\Classes\Header</Filter>
    </ClInclude>
    <ClInclude Include="UCapsuleComponent.h">
      <Filter>GameBase\Components\Header\Collision</Filter>
    </ClInclude>
    <ClInclude Include="UBoxComponent.h">
      <Filter>GameBase\Components\Header\Collision</Filter>
    </ClInclude>
    <ClInclude Include="USphereComponent.h">
      <Filter>GameBase\Components\Header\Collision</Filter>
    </ClInclude>
    <ClInclude Include="UConvexComponent.h">
      <Filter>GameBase\Components\Header\Collision</Filter>
    </ClInclude>
    <ClInclude Include="UCollisionComponent.h">
      <Filter>GameBase\Components\Header\Collision</Filter>
    </ClInclude>
    <ClInclude Include="MyGameMode.h">
      <Filter>Game\Header</Filter>
    </ClInclude>
    <ClInclude Include="MyCharacter.h">
      <Filter>Game\Header</Filter>
    </ClInclude>
    <ClInclude Include="MyAnimInstance.h">
      <Filter>Game\Header</Filter>
    </ClInclude>
  </ItemGroup>
  <ItemGroup>
    <ResourceCompile Include="DX12Learn.rc">
      <Filter>资源文件</Filter>
    </ResourceCompile>
  </ItemGroup>
  <ItemGroup>
    <Image Include="..\..\..\..\3_pictures\原神元素\hydroON.ico">
      <Filter>资源文件</Filter>
    </Image>
  </ItemGroup>
  <ItemGroup>
    <FxCompile Include="PhongPS.hlsl">
      <Filter>Shader</Filter>
    </FxCompile>
    <FxCompile Include="PhongVS.hlsl">
      <Filter>Shader</Filter>
    </FxCompile>
    <FxCompile Include="SolidPS.hlsl">
      <Filter>Shader</Filter>
    </FxCompile>
    <FxCompile Include="SolidVS.hlsl">
      <Filter>Shader</Filter>
    </FxCompile>
    <FxCompile Include="AxisVS.hlsl">
      <Filter>Shader\Axis</Filter>
    </FxCompile>
    <FxCompile Include="AxisPS.hlsl">
      <Filter>Shader\Axis</Filter>
    </FxCompile>
    <FxCompile Include="PhongPSNormalMap.hlsl">
      <Filter>Shader</Filter>
    </FxCompile>
    <FxCompile Include="PhongVSNormalMap.hlsl">
      <Filter>Shader</Filter>
    </FxCompile>
    <FxCompile Include="PhongPSSpecNormalMap.hlsl">
      <Filter>Shader</Filter>
    </FxCompile>
    <FxCompile Include="CollisionGeomertyVS.hlsl">
      <Filter>Shader\CG_Shader</Filter>
    </FxCompile>
    <FxCompile Include="CollisionGeomertyPS.hlsl">
      <Filter>Shader\CG_Shader</Filter>
    </FxCompile>
    <FxCompile Include="ArrowVS.hlsl">
      <Filter>Shader\CG_Shader</Filter>
    </FxCompile>
    <FxCompile Include="ArrowPS.hlsl">
      <Filter>Shader\CG_Shader</Filter>
    </FxCompile>
    <FxCompile Include="LineVS.hlsl">
      <Filter>Shader\CG_Shader</Filter>
    </FxCompile>
    <FxCompile Include="LinePS.hlsl">
      <Filter>Shader\CG_Shader</Filter>
    </FxCompile>
    <FxCompile Include="LineWidthGS.hlsl">
      <Filter>Shader\CG_Shader</Filter>
    </FxCompile>
    <FxCompile Include="DebugSpherePS.hlsl">
      <Filter>Shader\CG_Shader\Debugs</Filter>
    </FxCompile>
    <FxCompile Include="DebugSphereVS.hlsl">
      <Filter>Shader\CG_Shader\Debugs</Filter>
    </FxCompile>
    <FxCompile Include="DottedLineGS.hlsl">
      <Filter>Shader\CG_Shader\Debugs</Filter>
    </FxCompile>
    <FxCompile Include="SkeletonMeshVS.hlsl">
      <Filter>Shader\skeletonMesh</Filter>
    </FxCompile>
    <FxCompile Include="SkeletonMeshPS.hlsl">
      <Filter>Shader\skeletonMesh</Filter>
    </FxCompile>
    <FxCompile Include="Phong2DPS.hlsl" />
    <FxCompile Include="SkeletonMeshPhongPS.hlsl" />
    <FxCompile Include="LinePSnw.hlsl">
      <Filter>Shader\CG_Shader</Filter>
    </FxCompile>
  </ItemGroup>
</Project>